# This file is automatically @generated by Cargo.
# It is not intended for manual editing.
[[package]]
name = "anyhow"
version = "1.0.25"
source = "registry+https://github.com/rust-lang/crates.io-index"

[[package]]
name = "aoc2015day01a"
version = "0.1.0"

[[package]]
name = "aoc2015day01b"
version = "0.1.0"

[[package]]
name = "aoc2015day02a"
version = "0.1.0"
dependencies = [
 "anyhow 1.0.25 (registry+https://github.com/rust-lang/crates.io-index)",
]

[[package]]
name = "aoc2015day02b"
version = "0.1.0"
dependencies = [
 "anyhow 1.0.25 (registry+https://github.com/rust-lang/crates.io-index)",
]

[[package]]
name = "aoc2019day01a"
version = "0.1.0"
dependencies = [
 "anyhow 1.0.25 (registry+https://github.com/rust-lang/crates.io-index)",
 "helper 0.1.0",
]

[[package]]
name = "aoc2019day01b"
version = "0.1.0"
dependencies = [
 "anyhow 1.0.25 (registry+https://github.com/rust-lang/crates.io-index)",
 "helper 0.1.0",
]

[[package]]
name = "aoc2019day02a"
version = "0.1.0"

[[package]]
name = "aoc2019day02b"
version = "0.1.0"

[[package]]
name = "aoc2019day03a"
version = "0.1.0"
dependencies = [
 "anyhow 1.0.25 (registry+https://github.com/rust-lang/crates.io-index)",
]

[[package]]
name = "aoc2019day03b"
version = "0.1.0"
dependencies = [
 "anyhow 1.0.25 (registry+https://github.com/rust-lang/crates.io-index)",
]

[[package]]
name = "aoc2019day04a"
version = "0.1.0"

[[package]]
name = "aoc2019day04b"
version = "0.1.0"

[[package]]
name = "aoc2019day05a"
version = "0.1.0"
dependencies = [
 "anyhow 1.0.25 (registry+https://github.com/rust-lang/crates.io-index)",
]

[[package]]
name = "aoc2019day05b"
version = "0.1.0"
dependencies = [
 "anyhow 1.0.25 (registry+https://github.com/rust-lang/crates.io-index)",
]

[[package]]
name = "aoc2019day06a"
version = "0.1.0"
dependencies = [
 "anyhow 1.0.25 (registry+https://github.com/rust-lang/crates.io-index)",
]

[[package]]
name = "aoc2019day06b"
version = "0.1.0"
dependencies = [
 "anyhow 1.0.25 (registry+https://github.com/rust-lang/crates.io-index)",
]

[[package]]
name = "aoc2019day07a"
version = "0.1.0"
dependencies = [
 "anyhow 1.0.25 (registry+https://github.com/rust-lang/crates.io-index)",
 "permutohedron 0.2.4 (registry+https://github.com/rust-lang/crates.io-index)",
]

[[package]]
name = "aoc2019day07b"
version = "0.1.0"
dependencies = [
 "anyhow 1.0.25 (registry+https://github.com/rust-lang/crates.io-index)",
 "permutohedron 0.2.4 (registry+https://github.com/rust-lang/crates.io-index)",
]

[[package]]
name = "aoc2019day08a"
version = "0.1.0"
dependencies = [
 "anyhow 1.0.25 (registry+https://github.com/rust-lang/crates.io-index)",
]

[[package]]
name = "helper"
version = "0.1.0"
dependencies = [
 "anyhow 1.0.25 (registry+https://github.com/rust-lang/crates.io-index)",
]

[[package]]
name = "permutohedron"
version = "0.2.4"
source = "registry+https://github.com/rust-lang/crates.io-index"

[metadata]
"checksum anyhow 1.0.25 (registry+https://github.com/rust-lang/crates.io-index)" = "9267dff192e68f3399525901e709a48c1d3982c9c072fa32f2127a0cb0babf14"
"checksum permutohedron 0.2.4 (registry+https://github.com/rust-lang/crates.io-index)" = "b687ff7b5da449d39e418ad391e5e08da53ec334903ddbb921db208908fc372c"
